
Microsoft Visual Studio Solution File, Format Version 12.00
# Visual Studio 15
VisualStudioVersion = 15.0.27004.2002
MinimumVisualStudioVersion = 10.0.40219.1
Project("{FAE04EC0-301F-11D3-BF4B-00C04F79EFBC}") = "MessagingService", "MessagingService\MessagingService.csproj", "{A3C95933-6161-45F3-BB63-AA3736169ED3}"
EndProject
Global
	GlobalSection(SolutionConfigurationPlatforms) = preSolution
		Debug|Any CPU = Debug|Any CPU
		Release|Any CPU = Release|Any CPU
	EndGlobalSection
	GlobalSection(ProjectConfigurationPlatforms) = postSolution
		{A3C95933-6161-45F3-BB63-AA3736169ED3}.Debug|Any CPU.ActiveCfg = Debug|Any CPU
		{A3C95933-6161-45F3-BB63-AA3736169ED3}.Debug|Any CPU.Build.0 = Debug|Any CPU
		{A3C95933-6161-45F3-BB63-AA3736169ED3}.Release|Any CPU.ActiveCfg = Release|Any CPU
		{A3C95933-6161-45F3-BB63-AA3736169ED3}.Release|Any CPU.Build.0 = Release|Any CPU
	EndGlobalSection
	GlobalSection(SolutionProperties) = preSolution
		HideSolutionNode = FALSE
	EndGlobalSection
	GlobalSection(ExtensibilityGlobals) = postSolution
		SolutionGuid = {EF1A0E0D-02F7-460A-9F96-BC821138236F}
	EndGlobalSection
EndGlobal
